// !$*UTF8*$!
{
	archiveVersion = 1;
	classes = {
	};
	objectVersion = 56;
	objects = {

/* Begin PBXBuildFile section */
		0A0000000000000000000030 /* FilterParameters.swift in Sources */ = {isa = PBXBuildFile; fileRef = 0A0000000000000000000013 /* FilterParameters.swift */; };
		0A0000000000000000000031 /* Preset.swift in Sources */ = {isa = PBXBuildFile; fileRef = 0A0000000000000000000014 /* Preset.swift */; };
		0A0000000000000000000032 /* FactoryPresets.swift in Sources */ = {isa = PBXBuildFile; fileRef = 0A0000000000000000000015 /* FactoryPresets.swift */; };
		0A0000000000000000000033 /* PresetStore.swift in Sources */ = {isa = PBXBuildFile; fileRef = 0A0000000000000000000016 /* PresetStore.swift */; };
		0A0000000000000000000034 /* AppState.swift in Sources */ = {isa = PBXBuildFile; fileRef = 0A0000000000000000000017 /* AppState.swift */; };
		0A0000000000000000000036 /* OverlayView.swift in Sources */ = {isa = PBXBuildFile; fileRef = 0A0000000000000000000019 /* OverlayView.swift */; };
		0A0000000000000000000037 /* OverlayWindowController.swift in Sources */ = {isa = PBXBuildFile; fileRef = 0A000000000000000000001A /* OverlayWindowController.swift */; };
		0A0000000000000000000038 /* MenuBarPanelView.swift in Sources */ = {isa = PBXBuildFile; fileRef = 0A000000000000000000001B /* MenuBarPanelView.swift */; };
		0A0000000000000000000039 /* PresetEditorWindowController.swift in Sources */ = {isa = PBXBuildFile; fileRef = 0A000000000000000000001C /* PresetEditorWindowController.swift */; };
		0A000000000000000000003A /* PresetEditorView.swift in Sources */ = {isa = PBXBuildFile; fileRef = 0A000000000000000000001D /* PresetEditorView.swift */; };
		0A000000000000000000003B /* PresetListView.swift in Sources */ = {isa = PBXBuildFile; fileRef = 0A000000000000000000001E /* PresetListView.swift */; };
		0A000000000000000000003C /* FilterParametersView.swift in Sources */ = {isa = PBXBuildFile; fileRef = 0A000000000000000000001F /* FilterParametersView.swift */; };
		0A000000000000000000003D /* ColorLayerApp.swift in Sources */ = {isa = PBXBuildFile; fileRef = 0A0000000000000000000020 /* ColorLayerApp.swift */; };
		0A000000000000000000003E /* Assets.xcassets in Resources */ = {isa = PBXBuildFile; fileRef = 0A0000000000000000000022 /* Assets.xcassets */; };
			0A000000000000000000003F /* XCTest.framework in Frameworks */ = {isa = PBXBuildFile; fileRef = 0A0000000000000000000012 /* XCTest.framework */; };
			0A0000000000000000000040 /* PresetStoreTests.swift in Sources */ = {isa = PBXBuildFile; fileRef = 0A0000000000000000000023 /* PresetStoreTests.swift */; };
			0A0000000000000000000041 /* AppStateTests.swift in Sources */ = {isa = PBXBuildFile; fileRef = 0A0000000000000000000024 /* AppStateTests.swift */; };
			0A0000000000000000000042 /* DisplayTransferController.swift in Sources */ = {isa = PBXBuildFile; fileRef = 0A0000000000000000000025 /* DisplayTransferController.swift */; };
			0A0000000000000000000043 /* DisplayTransferControllerTests.swift in Sources */ = {isa = PBXBuildFile; fileRef = 0A0000000000000000000026 /* DisplayTransferControllerTests.swift */; };
/* End PBXBuildFile section */

/* Begin PBXContainerItemProxy section */
		0A0000000000000000000056 /* PBXContainerItemProxy */ = {
			isa = PBXContainerItemProxy;
			containerPortal = 0A0000000000000000000001 /* Project object */;
			proxyType = 1;
			remoteGlobalIDString = 0A0000000000000000000060;
			remoteInfo = ColorLayer;
		};
/* End PBXContainerItemProxy section */

/* Begin PBXFileReference section */
		0A0000000000000000000010 /* ColorLayer.app */ = {isa = PBXFileReference; explicitFileType = wrapper.application; includeInIndex = 0; path = ColorLayer.app; sourceTree = BUILT_PRODUCTS_DIR; };
		0A0000000000000000000011 /* ColorLayerTests.xctest */ = {isa = PBXFileReference; explicitFileType = wrapper.cfbundle; includeInIndex = 0; path = ColorLayerTests.xctest; sourceTree = BUILT_PRODUCTS_DIR; };
		0A0000000000000000000012 /* XCTest.framework */ = {isa = PBXFileReference; lastKnownFileType = wrapper.framework; name = XCTest.framework; path = System/Library/Frameworks/XCTest.framework; sourceTree = SDKROOT; };
		0A0000000000000000000013 /* FilterParameters.swift */ = {isa = PBXFileReference; lastKnownFileType = sourcecode.swift; path = FilterParameters.swift; sourceTree = "<group>"; };
		0A0000000000000000000014 /* Preset.swift */ = {isa = PBXFileReference; lastKnownFileType = sourcecode.swift; path = Preset.swift; sourceTree = "<group>"; };
		0A0000000000000000000015 /* FactoryPresets.swift */ = {isa = PBXFileReference; lastKnownFileType = sourcecode.swift; path = FactoryPresets.swift; sourceTree = "<group>"; };
		0A0000000000000000000016 /* PresetStore.swift */ = {isa = PBXFileReference; lastKnownFileType = sourcecode.swift; path = PresetStore.swift; sourceTree = "<group>"; };
		0A0000000000000000000017 /* AppState.swift */ = {isa = PBXFileReference; lastKnownFileType = sourcecode.swift; path = AppState.swift; sourceTree = "<group>"; };
		0A0000000000000000000019 /* OverlayView.swift */ = {isa = PBXFileReference; lastKnownFileType = sourcecode.swift; path = OverlayView.swift; sourceTree = "<group>"; };
		0A000000000000000000001A /* OverlayWindowController.swift */ = {isa = PBXFileReference; lastKnownFileType = sourcecode.swift; path = OverlayWindowController.swift; sourceTree = "<group>"; };
		0A000000000000000000001B /* MenuBarPanelView.swift */ = {isa = PBXFileReference; lastKnownFileType = sourcecode.swift; path = MenuBarPanelView.swift; sourceTree = "<group>"; };
		0A000000000000000000001C /* PresetEditorWindowController.swift */ = {isa = PBXFileReference; lastKnownFileType = sourcecode.swift; path = PresetEditorWindowController.swift; sourceTree = "<group>"; };
		0A000000000000000000001D /* PresetEditorView.swift */ = {isa = PBXFileReference; lastKnownFileType = sourcecode.swift; path = PresetEditorView.swift; sourceTree = "<group>"; };
		0A000000000000000000001E /* PresetListView.swift */ = {isa = PBXFileReference; lastKnownFileType = sourcecode.swift; path = PresetListView.swift; sourceTree = "<group>"; };
		0A000000000000000000001F /* FilterParametersView.swift */ = {isa = PBXFileReference; lastKnownFileType = sourcecode.swift; path = FilterParametersView.swift; sourceTree = "<group>"; };
		0A0000000000000000000020 /* ColorLayerApp.swift */ = {isa = PBXFileReference; lastKnownFileType = sourcecode.swift; path = ColorLayerApp.swift; sourceTree = "<group>"; };
		0A0000000000000000000021 /* Info.plist */ = {isa = PBXFileReference; lastKnownFileType = text.plist.xml; path = Info.plist; sourceTree = "<group>"; };
			0A0000000000000000000022 /* Assets.xcassets */ = {isa = PBXFileReference; lastKnownFileType = folder.assetcatalog; path = Assets.xcassets; sourceTree = "<group>"; };
			0A0000000000000000000023 /* PresetStoreTests.swift */ = {isa = PBXFileReference; lastKnownFileType = sourcecode.swift; path = PresetStoreTests.swift; sourceTree = "<group>"; };
			0A0000000000000000000024 /* AppStateTests.swift */ = {isa = PBXFileReference; lastKnownFileType = sourcecode.swift; path = AppStateTests.swift; sourceTree = "<group>"; };
			0A0000000000000000000025 /* DisplayTransferController.swift */ = {isa = PBXFileReference; lastKnownFileType = sourcecode.swift; path = DisplayTransferController.swift; sourceTree = "<group>"; };
			0A0000000000000000000026 /* DisplayTransferControllerTests.swift */ = {isa = PBXFileReference; lastKnownFileType = sourcecode.swift; path = DisplayTransferControllerTests.swift; sourceTree = "<group>"; };
/* End PBXFileReference section */

/* Begin PBXFrameworksBuildPhase section */
		0A0000000000000000000051 /* Frameworks */ = {
			isa = PBXFrameworksBuildPhase;
			buildActionMask = 2147483647;
			files = (
			);
			runOnlyForDeploymentPostprocessing = 0;
		};
		0A0000000000000000000054 /* Frameworks */ = {
			isa = PBXFrameworksBuildPhase;
			buildActionMask = 2147483647;
			files = (
				0A000000000000000000003F /* XCTest.framework in Frameworks */,
			);
			runOnlyForDeploymentPostprocessing = 0;
		};
/* End PBXFrameworksBuildPhase section */

/* Begin PBXGroup section */
		0A0000000000000000000002 = {
			isa = PBXGroup;
			children = (
				0A0000000000000000000005 /* ColorLayer */,
				0A000000000000000000000D /* ColorLayerTests */,
				0A0000000000000000000004 /* Frameworks */,
				0A0000000000000000000003 /* Products */,
			);
			sourceTree = "<group>";
		};
		0A0000000000000000000003 /* Products */ = {
			isa = PBXGroup;
			children = (
				0A0000000000000000000010 /* ColorLayer.app */,
				0A0000000000000000000011 /* ColorLayerTests.xctest */,
			);
			name = Products;
			sourceTree = "<group>";
		};
		0A0000000000000000000004 /* Frameworks */ = {
			isa = PBXGroup;
			children = (
				0A0000000000000000000012 /* XCTest.framework */,
			);
			name = Frameworks;
			sourceTree = "<group>";
		};
		0A0000000000000000000005 /* ColorLayer */ = {
			isa = PBXGroup;
				children = (
					0A0000000000000000000020 /* ColorLayerApp.swift */,
					0A0000000000000000000017 /* AppState.swift */,
					0A0000000000000000000025 /* DisplayTransferController.swift */,
					0A0000000000000000000006 /* Models */,
					0A0000000000000000000007 /* Persistence */,
					0A0000000000000000000008 /* Overlay */,
				0A0000000000000000000009 /* UI */,
				0A000000000000000000000C /* Resources */,
			);
			path = ColorLayer;
			sourceTree = "<group>";
		};
		0A0000000000000000000006 /* Models */ = {
			isa = PBXGroup;
			children = (
				0A0000000000000000000013 /* FilterParameters.swift */,
				0A0000000000000000000014 /* Preset.swift */,
				0A0000000000000000000015 /* FactoryPresets.swift */,
			);
			path = Models;
			sourceTree = "<group>";
		};
		0A0000000000000000000007 /* Persistence */ = {
			isa = PBXGroup;
			children = (
				0A0000000000000000000016 /* PresetStore.swift */,
			);
			path = Persistence;
			sourceTree = "<group>";
		};
		0A0000000000000000000008 /* Overlay */ = {
			isa = PBXGroup;
			children = (
				0A0000000000000000000019 /* OverlayView.swift */,
				0A000000000000000000001A /* OverlayWindowController.swift */,
			);
			path = Overlay;
			sourceTree = "<group>";
		};
		0A0000000000000000000009 /* UI */ = {
			isa = PBXGroup;
			children = (
				0A000000000000000000000A /* MenuBarPanel */,
				0A000000000000000000000B /* PresetEditor */,
			);
			path = UI;
			sourceTree = "<group>";
		};
		0A000000000000000000000A /* MenuBarPanel */ = {
			isa = PBXGroup;
			children = (
				0A000000000000000000001B /* MenuBarPanelView.swift */,
			);
			path = MenuBarPanel;
			sourceTree = "<group>";
		};
		0A000000000000000000000B /* PresetEditor */ = {
			isa = PBXGroup;
			children = (
				0A000000000000000000001C /* PresetEditorWindowController.swift */,
				0A000000000000000000001D /* PresetEditorView.swift */,
				0A000000000000000000001E /* PresetListView.swift */,
				0A000000000000000000001F /* FilterParametersView.swift */,
			);
			path = PresetEditor;
			sourceTree = "<group>";
		};
		0A000000000000000000000C /* Resources */ = {
			isa = PBXGroup;
			children = (
				0A0000000000000000000021 /* Info.plist */,
				0A0000000000000000000022 /* Assets.xcassets */,
			);
			path = Resources;
			sourceTree = "<group>";
		};
		0A000000000000000000000D /* ColorLayerTests */ = {
			isa = PBXGroup;
				children = (
					0A0000000000000000000023 /* PresetStoreTests.swift */,
					0A0000000000000000000024 /* AppStateTests.swift */,
					0A0000000000000000000026 /* DisplayTransferControllerTests.swift */,
				);
				path = ColorLayerTests;
				sourceTree = "<group>";
		};
/* End PBXGroup section */

/* Begin PBXNativeTarget section */
		0A0000000000000000000060 /* ColorLayer */ = {
			isa = PBXNativeTarget;
			buildConfigurationList = 0A0000000000000000000071 /* Build configuration list for PBXNativeTarget "ColorLayer" */;
			buildPhases = (
				0A0000000000000000000050 /* Sources */,
				0A0000000000000000000051 /* Frameworks */,
				0A0000000000000000000052 /* Resources */,
			);
			buildRules = (
			);
			dependencies = (
			);
			name = ColorLayer;
			packageProductDependencies = (
			);
			productName = ColorLayer;
			productReference = 0A0000000000000000000010 /* ColorLayer.app */;
			productType = "com.apple.product-type.application";
		};
		0A0000000000000000000061 /* ColorLayerTests */ = {
			isa = PBXNativeTarget;
			buildConfigurationList = 0A0000000000000000000072 /* Build configuration list for PBXNativeTarget "ColorLayerTests" */;
			buildPhases = (
				0A0000000000000000000053 /* Sources */,
				0A0000000000000000000054 /* Frameworks */,
			);
			buildRules = (
			);
			dependencies = (
				0A0000000000000000000057 /* PBXTargetDependency */,
			);
			name = ColorLayerTests;
			packageProductDependencies = (
			);
			productName = ColorLayerTests;
			productReference = 0A0000000000000000000011 /* ColorLayerTests.xctest */;
			productType = "com.apple.product-type.bundle.unit-test";
		};
/* End PBXNativeTarget section */

/* Begin PBXProject section */
		0A0000000000000000000001 /* Project object */ = {
			isa = PBXProject;
			attributes = {
				BuildIndependentTargetsInParallel = 1;
				LastSwiftUpdateCheck = 1600;
				LastUpgradeCheck = 1600;
				TargetAttributes = {
					0A0000000000000000000060 = {
						CreatedOnToolsVersion = 16.0;
					};
					0A0000000000000000000061 = {
						CreatedOnToolsVersion = 16.0;
						TestTargetID = 0A0000000000000000000060;
					};
				};
			};
			buildConfigurationList = 0A0000000000000000000070 /* Build configuration list for PBXProject "ColorLayer" */;
			compatibilityVersion = "Xcode 15.0";
			developmentRegion = en;
			hasScannedForEncodings = 0;
			knownRegions = (
				en,
				Base,
			);
			mainGroup = 0A0000000000000000000002;
			productRefGroup = 0A0000000000000000000003 /* Products */;
			projectDirPath = "";
			projectRoot = "";
			targets = (
				0A0000000000000000000060 /* ColorLayer */,
				0A0000000000000000000061 /* ColorLayerTests */,
			);
		};
/* End PBXProject section */

/* Begin PBXResourcesBuildPhase section */
		0A0000000000000000000052 /* Resources */ = {
			isa = PBXResourcesBuildPhase;
			buildActionMask = 2147483647;
			files = (
				0A000000000000000000003E /* Assets.xcassets in Resources */,
			);
			runOnlyForDeploymentPostprocessing = 0;
		};
/* End PBXResourcesBuildPhase section */

/* Begin PBXSourcesBuildPhase section */
		0A0000000000000000000050 /* Sources */ = {
			isa = PBXSourcesBuildPhase;
			buildActionMask = 2147483647;
			files = (
					0A000000000000000000003D /* ColorLayerApp.swift in Sources */,
					0A0000000000000000000034 /* AppState.swift in Sources */,
					0A0000000000000000000042 /* DisplayTransferController.swift in Sources */,
					0A0000000000000000000030 /* FilterParameters.swift in Sources */,
					0A0000000000000000000031 /* Preset.swift in Sources */,
					0A0000000000000000000032 /* FactoryPresets.swift in Sources */,
				0A0000000000000000000033 /* PresetStore.swift in Sources */,
				0A0000000000000000000036 /* OverlayView.swift in Sources */,
				0A0000000000000000000037 /* OverlayWindowController.swift in Sources */,
				0A0000000000000000000038 /* MenuBarPanelView.swift in Sources */,
				0A0000000000000000000039 /* PresetEditorWindowController.swift in Sources */,
				0A000000000000000000003A /* PresetEditorView.swift in Sources */,
				0A000000000000000000003B /* PresetListView.swift in Sources */,
				0A000000000000000000003C /* FilterParametersView.swift in Sources */,
			);
			runOnlyForDeploymentPostprocessing = 0;
		};
		0A0000000000000000000053 /* Sources */ = {
			isa = PBXSourcesBuildPhase;
			buildActionMask = 2147483647;
				files = (
					0A0000000000000000000040 /* PresetStoreTests.swift in Sources */,
					0A0000000000000000000041 /* AppStateTests.swift in Sources */,
					0A0000000000000000000043 /* DisplayTransferControllerTests.swift in Sources */,
				);
				runOnlyForDeploymentPostprocessing = 0;
			};
/* End PBXSourcesBuildPhase section */

/* Begin PBXTargetDependency section */
		0A0000000000000000000057 /* PBXTargetDependency */ = {
			isa = PBXTargetDependency;
			target = 0A0000000000000000000060 /* ColorLayer */;
			targetProxy = 0A0000000000000000000056 /* PBXContainerItemProxy */;
		};
/* End PBXTargetDependency section */

/* Begin XCBuildConfiguration section */
		0A0000000000000000000080 /* Debug */ = {
			isa = XCBuildConfiguration;
			buildSettings = {
				ALWAYS_SEARCH_USER_PATHS = NO;
				CLANG_CXX_LANGUAGE_STANDARD = "gnu++20";
				CLANG_ENABLE_MODULES = YES;
				CLANG_ENABLE_OBJC_ARC = YES;
				CLANG_WARN_DOCUMENTATION_COMMENTS = YES;
				CLANG_WARN_QUOTED_INCLUDE_IN_FRAMEWORK_HEADER = YES;
				ENABLE_USER_SCRIPT_SANDBOXING = NO;
				GCC_C_LANGUAGE_STANDARD = gnu17;
				MACOSX_DEPLOYMENT_TARGET = 13.0;
				SDKROOT = macosx;
				SWIFT_STRICT_CONCURRENCY = complete;
				SWIFT_VERSION = 6.0;
			};
			name = Debug;
		};
		0A0000000000000000000081 /* Release */ = {
			isa = XCBuildConfiguration;
			buildSettings = {
				ALWAYS_SEARCH_USER_PATHS = NO;
				CLANG_CXX_LANGUAGE_STANDARD = "gnu++20";
				CLANG_ENABLE_MODULES = YES;
				CLANG_ENABLE_OBJC_ARC = YES;
				CLANG_WARN_DOCUMENTATION_COMMENTS = YES;
				CLANG_WARN_QUOTED_INCLUDE_IN_FRAMEWORK_HEADER = YES;
				ENABLE_USER_SCRIPT_SANDBOXING = NO;
				GCC_C_LANGUAGE_STANDARD = gnu17;
				MACOSX_DEPLOYMENT_TARGET = 13.0;
				SDKROOT = macosx;
				SWIFT_STRICT_CONCURRENCY = complete;
				SWIFT_VERSION = 6.0;
			};
			name = Release;
		};
		0A0000000000000000000082 /* Debug */ = {
			isa = XCBuildConfiguration;
			buildSettings = {
				ASSETCATALOG_COMPILER_GLOBAL_ACCENT_COLOR_NAME = AccentColor;
				CODE_SIGN_STYLE = Automatic;
				CURRENT_PROJECT_VERSION = 1;
				ENABLE_TESTABILITY = YES;
				GCC_OPTIMIZATION_LEVEL = 0;
				GENERATE_INFOPLIST_FILE = NO;
				INFOPLIST_FILE = ColorLayer/Resources/Info.plist;
				LD_RUNPATH_SEARCH_PATHS = (
					"$(inherited)",
					"@executable_path/../Frameworks",
				);
				MACOSX_DEPLOYMENT_TARGET = 13.0;
				MARKETING_VERSION = 1.0;
				ONLY_ACTIVE_ARCH = YES;
				PRODUCT_BUNDLE_IDENTIFIER = com.diegofernandezmunoz.ColorLayer;
				PRODUCT_NAME = "$(TARGET_NAME)";
				SWIFT_EMIT_LOC_STRINGS = NO;
				SWIFT_OPTIMIZATION_LEVEL = "-Onone";
				SWIFT_VERSION = 6.0;
			};
			name = Debug;
		};
		0A0000000000000000000083 /* Release */ = {
			isa = XCBuildConfiguration;
			buildSettings = {
				ASSETCATALOG_COMPILER_GLOBAL_ACCENT_COLOR_NAME = AccentColor;
				CODE_SIGN_STYLE = Automatic;
				CURRENT_PROJECT_VERSION = 1;
				GENERATE_INFOPLIST_FILE = NO;
				INFOPLIST_FILE = ColorLayer/Resources/Info.plist;
				LD_RUNPATH_SEARCH_PATHS = (
					"$(inherited)",
					"@executable_path/../Frameworks",
				);
				MACOSX_DEPLOYMENT_TARGET = 13.0;
				MARKETING_VERSION = 1.0;
				PRODUCT_BUNDLE_IDENTIFIER = com.diegofernandezmunoz.ColorLayer;
				PRODUCT_NAME = "$(TARGET_NAME)";
				SWIFT_EMIT_LOC_STRINGS = NO;
				SWIFT_VERSION = 6.0;
			};
			name = Release;
		};
		0A0000000000000000000084 /* Debug */ = {
			isa = XCBuildConfiguration;
			buildSettings = {
				BUNDLE_LOADER = "$(TEST_HOST)";
				CODE_SIGN_STYLE = Automatic;
				CURRENT_PROJECT_VERSION = 1;
				ENABLE_TESTABILITY = YES;
				GCC_OPTIMIZATION_LEVEL = 0;
				GENERATE_INFOPLIST_FILE = YES;
				LD_RUNPATH_SEARCH_PATHS = (
					"$(inherited)",
					"@loader_path/../Frameworks",
					"@loader_path/../../Frameworks",
				);
				MACOSX_DEPLOYMENT_TARGET = 13.0;
				MARKETING_VERSION = 1.0;
				ONLY_ACTIVE_ARCH = YES;
				PRODUCT_BUNDLE_IDENTIFIER = com.diegofernandezmunoz.ColorLayerTests;
				PRODUCT_NAME = "$(TARGET_NAME)";
				SWIFT_OPTIMIZATION_LEVEL = "-Onone";
				SWIFT_VERSION = 6.0;
				TEST_HOST = "$(BUILT_PRODUCTS_DIR)/ColorLayer.app/Contents/MacOS/ColorLayer";
				TEST_TARGET_NAME = ColorLayer;
			};
			name = Debug;
		};
		0A0000000000000000000085 /* Release */ = {
			isa = XCBuildConfiguration;
			buildSettings = {
				BUNDLE_LOADER = "$(TEST_HOST)";
				CODE_SIGN_STYLE = Automatic;
				CURRENT_PROJECT_VERSION = 1;
				GENERATE_INFOPLIST_FILE = YES;
				LD_RUNPATH_SEARCH_PATHS = (
					"$(inherited)",
					"@loader_path/../Frameworks",
					"@loader_path/../../Frameworks",
				);
				MACOSX_DEPLOYMENT_TARGET = 13.0;
				MARKETING_VERSION = 1.0;
				PRODUCT_BUNDLE_IDENTIFIER = com.diegofernandezmunoz.ColorLayerTests;
				PRODUCT_NAME = "$(TARGET_NAME)";
				SWIFT_VERSION = 6.0;
				TEST_HOST = "$(BUILT_PRODUCTS_DIR)/ColorLayer.app/Contents/MacOS/ColorLayer";
				TEST_TARGET_NAME = ColorLayer;
			};
			name = Release;
		};
/* End XCBuildConfiguration section */

/* Begin XCConfigurationList section */
		0A0000000000000000000070 /* Build configuration list for PBXProject "ColorLayer" */ = {
			isa = XCConfigurationList;
			buildConfigurations = (
				0A0000000000000000000080 /* Debug */,
				0A0000000000000000000081 /* Release */,
			);
			defaultConfigurationIsVisible = 0;
			defaultConfigurationName = Release;
		};
		0A0000000000000000000071 /* Build configuration list for PBXNativeTarget "ColorLayer" */ = {
			isa = XCConfigurationList;
			buildConfigurations = (
				0A0000000000000000000082 /* Debug */,
				0A0000000000000000000083 /* Release */,
			);
			defaultConfigurationIsVisible = 0;
			defaultConfigurationName = Release;
		};
		0A0000000000000000000072 /* Build configuration list for PBXNativeTarget "ColorLayerTests" */ = {
			isa = XCConfigurationList;
			buildConfigurations = (
				0A0000000000000000000084 /* Debug */,
				0A0000000000000000000085 /* Release */,
			);
			defaultConfigurationIsVisible = 0;
			defaultConfigurationName = Release;
		};
/* End XCConfigurationList section */
	};
	rootObject = 0A0000000000000000000001 /* Project object */;
}
